
Microsoft Visual Studio Solution File, Format Version 12.00
# Visual Studio Version 17
VisualStudioVersion = 17.0.31512.422
MinimumVisualStudioVersion = 10.0.40219.1
Project("{8BC9CEB8-8B4A-11D0-8D11-00A0C91BC942}") = "WinRTOnnxRuntime", "WinRTOnnxRuntime\WinRTOnnxRuntime.vcxproj", "{D6B0C16D-858A-4C1B-99CF-D6F4CF5BCD5F}"
EndProject
Project("{9A19103F-16F7-4668-BE54-9A1E7A4F7556}") = "WinRTOnnxRuntimeProjection", "WinRTOnnxRuntimeProjection\WinRTOnnxRuntimeProjection.csproj", "{3D562B38-115F-481C-ADE2-5A60EFBA1ED0}"
EndProject
Project("{2150E333-8FDC-42A3-9474-1A3956D46DE8}") = "Solution Items", "Solution Items", "{47FC5375-776F-4922-81DE-74E1A345F35F}"
	ProjectSection(SolutionItems) = preProject
		clean_package.ps1 = clean_package.ps1
		RootDirectory.Build.props = RootDirectory.Build.props
		RootDirectory.Build.targets = RootDirectory.Build.targets
	EndProjectSection
EndProject
Project("{9A19103F-16F7-4668-BE54-9A1E7A4F7556}") = "ConsoleAppSample", "ConsoleAppSample\ConsoleAppSample.csproj", "{E746C367-D564-4E4C-9E18-8A6FDFC962D1}"
	ProjectSection(ProjectDependencies) = postProject
		{3D562B38-115F-481C-ADE2-5A60EFBA1ED0} = {3D562B38-115F-481C-ADE2-5A60EFBA1ED0}
		{D6B0C16D-858A-4C1B-99CF-D6F4CF5BCD5F} = {D6B0C16D-858A-4C1B-99CF-D6F4CF5BCD5F}
	EndProjectSection
EndProject
Project("{FAE04EC0-301F-11D3-BF4B-00C04F79EFBC}") = "UWPAppSample", "UWPAppSample\UWPAppSample.csproj", "{C73B1D24-7153-4D19-BD28-6BCE853340EB}"
EndProject
Project("{FAE04EC0-301F-11D3-BF4B-00C04F79EFBC}") = "NetFrameworkSample", "NetFrameworkSample\NetFrameworkSample.csproj", "{2C059E51-351A-4F95-A0E7-0FA72705E94E}"
EndProject
Global
	GlobalSection(SolutionConfigurationPlatforms) = preSolution
		Debug|x64 = Debug|x64
		Debug|x86 = Debug|x86
		Release|x64 = Release|x64
		Release|x86 = Release|x86
	EndGlobalSection
	GlobalSection(ProjectConfigurationPlatforms) = postSolution
		{D6B0C16D-858A-4C1B-99CF-D6F4CF5BCD5F}.Debug|x64.ActiveCfg = Debug|x64
		{D6B0C16D-858A-4C1B-99CF-D6F4CF5BCD5F}.Debug|x64.Build.0 = Debug|x64
		{D6B0C16D-858A-4C1B-99CF-D6F4CF5BCD5F}.Debug|x86.ActiveCfg = Debug|Win32
		{D6B0C16D-858A-4C1B-99CF-D6F4CF5BCD5F}.Debug|x86.Build.0 = Debug|Win32
		{D6B0C16D-858A-4C1B-99CF-D6F4CF5BCD5F}.Release|x64.ActiveCfg = Release|x64
		{D6B0C16D-858A-4C1B-99CF-D6F4CF5BCD5F}.Release|x64.Build.0 = Release|x64
		{D6B0C16D-858A-4C1B-99CF-D6F4CF5BCD5F}.Release|x86.ActiveCfg = Release|Win32
		{D6B0C16D-858A-4C1B-99CF-D6F4CF5BCD5F}.Release|x86.Build.0 = Release|Win32
		{3D562B38-115F-481C-ADE2-5A60EFBA1ED0}.Debug|x64.ActiveCfg = Debug|x64
		{3D562B38-115F-481C-ADE2-5A60EFBA1ED0}.Debug|x64.Build.0 = Debug|x64
		{3D562B38-115F-481C-ADE2-5A60EFBA1ED0}.Debug|x86.ActiveCfg = Debug|x86
		{3D562B38-115F-481C-ADE2-5A60EFBA1ED0}.Debug|x86.Build.0 = Debug|x86
		{3D562B38-115F-481C-ADE2-5A60EFBA1ED0}.Release|x64.ActiveCfg = Release|x64
		{3D562B38-115F-481C-ADE2-5A60EFBA1ED0}.Release|x64.Build.0 = Release|x64
		{3D562B38-115F-481C-ADE2-5A60EFBA1ED0}.Release|x86.ActiveCfg = Release|x64
		{E746C367-D564-4E4C-9E18-8A6FDFC962D1}.Debug|x64.ActiveCfg = Debug|x64
		{E746C367-D564-4E4C-9E18-8A6FDFC962D1}.Debug|x64.Build.0 = Debug|x64
		{E746C367-D564-4E4C-9E18-8A6FDFC962D1}.Debug|x86.ActiveCfg = Debug|x86
		{E746C367-D564-4E4C-9E18-8A6FDFC962D1}.Debug|x86.Build.0 = Debug|x86
		{E746C367-D564-4E4C-9E18-8A6FDFC962D1}.Release|x64.ActiveCfg = Release|x64
		{E746C367-D564-4E4C-9E18-8A6FDFC962D1}.Release|x64.Build.0 = Release|x64
		{E746C367-D564-4E4C-9E18-8A6FDFC962D1}.Release|x86.ActiveCfg = Release|x64
		{C73B1D24-7153-4D19-BD28-6BCE853340EB}.Debug|x64.ActiveCfg = Debug|x64
		{C73B1D24-7153-4D19-BD28-6BCE853340EB}.Debug|x64.Build.0 = Debug|x64
		{C73B1D24-7153-4D19-BD28-6BCE853340EB}.Debug|x64.Deploy.0 = Debug|x64
		{C73B1D24-7153-4D19-BD28-6BCE853340EB}.Debug|x86.ActiveCfg = Debug|x86
		{C73B1D24-7153-4D19-BD28-6BCE853340EB}.Debug|x86.Build.0 = Debug|x86
		{C73B1D24-7153-4D19-BD28-6BCE853340EB}.Debug|x86.Deploy.0 = Debug|x86
		{C73B1D24-7153-4D19-BD28-6BCE853340EB}.Release|x64.ActiveCfg = Release|x64
		{C73B1D24-7153-4D19-BD28-6BCE853340EB}.Release|x64.Build.0 = Release|x64
		{C73B1D24-7153-4D19-BD28-6BCE853340EB}.Release|x64.Deploy.0 = Release|x64
		{C73B1D24-7153-4D19-BD28-6BCE853340EB}.Release|x86.ActiveCfg = Release|x86
		{C73B1D24-7153-4D19-BD28-6BCE853340EB}.Release|x86.Build.0 = Release|x86
		{C73B1D24-7153-4D19-BD28-6BCE853340EB}.Release|x86.Deploy.0 = Release|x86
		{2C059E51-351A-4F95-A0E7-0FA72705E94E}.Debug|x64.ActiveCfg = Debug|x64
		{2C059E51-351A-4F95-A0E7-0FA72705E94E}.Debug|x64.Build.0 = Debug|x64
		{2C059E51-351A-4F95-A0E7-0FA72705E94E}.Debug|x86.ActiveCfg = Debug|x64
		{2C059E51-351A-4F95-A0E7-0FA72705E94E}.Debug|x86.Build.0 = Debug|x64
		{2C059E51-351A-4F95-A0E7-0FA72705E94E}.Release|x64.ActiveCfg = Release|x64
		{2C059E51-351A-4F95-A0E7-0FA72705E94E}.Release|x86.ActiveCfg = Release|x86
	EndGlobalSection
	GlobalSection(SolutionProperties) = preSolution
		HideSolutionNode = FALSE
	EndGlobalSection
	GlobalSection(ExtensibilityGlobals) = postSolution
		SolutionGuid = {2E0D131C-0B10-4500-939B-D58EC3871871}
	EndGlobalSection
EndGlobal
